// !$*UTF8*$!
{
	archiveVersion = 1;
	classes = {
	};
	objectVersion = 56;
	objects = {

/* Begin PBXBuildFile section */
		EE0A41BB2AF3A8170070627A /* WeatherType.swift in Sources */ = {isa = PBXBuildFile; fileRef = EE0A41BA2AF3A8170070627A /* WeatherType.swift */; };
		EE166D4F2AE82734001D5A17 /* WeatherForecastForOneHourCollectionViewCell.swift in Sources */ = {isa = PBXBuildFile; fileRef = EE166D4E2AE82734001D5A17 /* WeatherForecastForOneHourCollectionViewCell.swift */; };
		EE166D532AE8317F001D5A17 /* WeatherForecastForDayCollectionViewCell.swift in Sources */ = {isa = PBXBuildFile; fileRef = EE166D522AE8317F001D5A17 /* WeatherForecastForDayCollectionViewCell.swift */; };
		EE166D552AEAD8A0001D5A17 /* HourlyWeatherForecastCollectionViewCell.swift in Sources */ = {isa = PBXBuildFile; fileRef = EE166D542AEAD8A0001D5A17 /* HourlyWeatherForecastCollectionViewCell.swift */; };
		EE166D572AEFD127001D5A17 /* WeatherForecastForSeveralDaysCollectionViewCell.swift in Sources */ = {isa = PBXBuildFile; fileRef = EE166D562AEFD127001D5A17 /* WeatherForecastForSeveralDaysCollectionViewCell.swift */; };
		EE166D592AEFD40A001D5A17 /* HeaderCollectionViewCell.swift in Sources */ = {isa = PBXBuildFile; fileRef = EE166D582AEFD40A001D5A17 /* HeaderCollectionViewCell.swift */; };
		EE166D5B2AF137B6001D5A17 /* WeatherData.swift in Sources */ = {isa = PBXBuildFile; fileRef = EE166D5A2AF137B6001D5A17 /* WeatherData.swift */; };
		EE34F81E2AE1A1C200732615 /* Realm in Frameworks */ = {isa = PBXBuildFile; productRef = EE34F81D2AE1A1C200732615 /* Realm */; };
		EE34F8202AE1A1C200732615 /* RealmSwift in Frameworks */ = {isa = PBXBuildFile; productRef = EE34F81F2AE1A1C200732615 /* RealmSwift */; };
		EE4A5A7D2A956804002D12BD /* WeatherService.swift in Sources */ = {isa = PBXBuildFile; fileRef = EE4A5A7C2A956804002D12BD /* WeatherService.swift */; };
		EE7DEBE92ADE7BDD004E2AB0 /* MainInformationAboutCityWeatherCollectionCell.swift in Sources */ = {isa = PBXBuildFile; fileRef = EE7DEBE82ADE7BDD004E2AB0 /* MainInformationAboutCityWeatherCollectionCell.swift */; };
		EE9B12642A4DAF47002235B3 /* AppDelegate.swift in Sources */ = {isa = PBXBuildFile; fileRef = EE9B12632A4DAF47002235B3 /* AppDelegate.swift */; };
		EE9B12662A4DAF47002235B3 /* SceneDelegate.swift in Sources */ = {isa = PBXBuildFile; fileRef = EE9B12652A4DAF47002235B3 /* SceneDelegate.swift */; };
		EE9B126B2A4DAF47002235B3 /* Main.storyboard in Resources */ = {isa = PBXBuildFile; fileRef = EE9B12692A4DAF47002235B3 /* Main.storyboard */; };
		EE9B126D2A4DAF49002235B3 /* Assets.xcassets in Resources */ = {isa = PBXBuildFile; fileRef = EE9B126C2A4DAF49002235B3 /* Assets.xcassets */; };
		EE9B12702A4DAF49002235B3 /* LaunchScreen.storyboard in Resources */ = {isa = PBXBuildFile; fileRef = EE9B126E2A4DAF49002235B3 /* LaunchScreen.storyboard */; };
		EE9B12782A4DAF81002235B3 /* AuthorizationViewController.swift in Sources */ = {isa = PBXBuildFile; fileRef = EE9B12772A4DAF81002235B3 /* AuthorizationViewController.swift */; };
		EE9B127A2A4DAFC6002235B3 /* GradientView.swift in Sources */ = {isa = PBXBuildFile; fileRef = EE9B12792A4DAFC6002235B3 /* GradientView.swift */; };
		EE9B127C2A4DAFCC002235B3 /* AuthorizationView.swift in Sources */ = {isa = PBXBuildFile; fileRef = EE9B127B2A4DAFCC002235B3 /* AuthorizationView.swift */; };
		EE9B12812A4DB103002235B3 /* TabBarControllerBuilder.swift in Sources */ = {isa = PBXBuildFile; fileRef = EE9B12802A4DB103002235B3 /* TabBarControllerBuilder.swift */; };
		EE9B12852A4DB10C002235B3 /* CityWeatherCollectionViewCell.swift in Sources */ = {isa = PBXBuildFile; fileRef = EE9B12832A4DB10C002235B3 /* CityWeatherCollectionViewCell.swift */; };
		EE9B12862A4DB10C002235B3 /* CityTableViewCell.swift in Sources */ = {isa = PBXBuildFile; fileRef = EE9B12842A4DB10C002235B3 /* CityTableViewCell.swift */; };
		EE9B128B2A4DB114002235B3 /* City.swift in Sources */ = {isa = PBXBuildFile; fileRef = EE9B12882A4DB114002235B3 /* City.swift */; };
		EE9B128D2A4DB114002235B3 /* Weather.swift in Sources */ = {isa = PBXBuildFile; fileRef = EE9B128A2A4DB114002235B3 /* Weather.swift */; };
		EE9B12932A4DB128002235B3 /* CitiesTableViewController.swift in Sources */ = {isa = PBXBuildFile; fileRef = EE9B12922A4DB128002235B3 /* CitiesTableViewController.swift */; };
		EE9B12952A4DB12C002235B3 /* CityWeatherDetailCollectionViewController.swift in Sources */ = {isa = PBXBuildFile; fileRef = EE9B12942A4DB12C002235B3 /* CityWeatherDetailCollectionViewController.swift */; };
		EED03A6C2A6AF58F000A3196 /* HeaderWeatherCollectionReusableView.swift in Sources */ = {isa = PBXBuildFile; fileRef = EED03A6B2A6AF58F000A3196 /* HeaderWeatherCollectionReusableView.swift */; };
/* End PBXBuildFile section */

/* Begin PBXFileReference section */
		EE0A41BA2AF3A8170070627A /* WeatherType.swift */ = {isa = PBXFileReference; lastKnownFileType = sourcecode.swift; path = WeatherType.swift; sourceTree = "<group>"; };
		EE166D4E2AE82734001D5A17 /* WeatherForecastForOneHourCollectionViewCell.swift */ = {isa = PBXFileReference; lastKnownFileType = sourcecode.swift; name = WeatherForecastForOneHourCollectionViewCell.swift; path = OpenWeather/WeatherForecastForOneHourCollectionViewCell.swift; sourceTree = SOURCE_ROOT; };
		EE166D522AE8317F001D5A17 /* WeatherForecastForDayCollectionViewCell.swift */ = {isa = PBXFileReference; lastKnownFileType = sourcecode.swift; path = WeatherForecastForDayCollectionViewCell.swift; sourceTree = "<group>"; };
		EE166D542AEAD8A0001D5A17 /* HourlyWeatherForecastCollectionViewCell.swift */ = {isa = PBXFileReference; lastKnownFileType = sourcecode.swift; path = HourlyWeatherForecastCollectionViewCell.swift; sourceTree = "<group>"; };
		EE166D562AEFD127001D5A17 /* WeatherForecastForSeveralDaysCollectionViewCell.swift */ = {isa = PBXFileReference; lastKnownFileType = sourcecode.swift; path = WeatherForecastForSeveralDaysCollectionViewCell.swift; sourceTree = "<group>"; };
		EE166D582AEFD40A001D5A17 /* HeaderCollectionViewCell.swift */ = {isa = PBXFileReference; lastKnownFileType = sourcecode.swift; path = HeaderCollectionViewCell.swift; sourceTree = "<group>"; };
		EE166D5A2AF137B6001D5A17 /* WeatherData.swift */ = {isa = PBXFileReference; lastKnownFileType = sourcecode.swift; path = WeatherData.swift; sourceTree = "<group>"; };
		EE4A5A7C2A956804002D12BD /* WeatherService.swift */ = {isa = PBXFileReference; lastKnownFileType = sourcecode.swift; path = WeatherService.swift; sourceTree = "<group>"; };
		EE7DEBE82ADE7BDD004E2AB0 /* MainInformationAboutCityWeatherCollectionCell.swift */ = {isa = PBXFileReference; lastKnownFileType = sourcecode.swift; name = MainInformationAboutCityWeatherCollectionCell.swift; path = OpenWeather/MainInformationAboutCityWeatherCollectionCell.swift; sourceTree = SOURCE_ROOT; };
		EE9B12602A4DAF47002235B3 /* OpenWeather.app */ = {isa = PBXFileReference; explicitFileType = wrapper.application; includeInIndex = 0; path = OpenWeather.app; sourceTree = BUILT_PRODUCTS_DIR; };
		EE9B12632A4DAF47002235B3 /* AppDelegate.swift */ = {isa = PBXFileReference; lastKnownFileType = sourcecode.swift; path = AppDelegate.swift; sourceTree = "<group>"; };
		EE9B12652A4DAF47002235B3 /* SceneDelegate.swift */ = {isa = PBXFileReference; lastKnownFileType = sourcecode.swift; path = SceneDelegate.swift; sourceTree = "<group>"; };
		EE9B126A2A4DAF47002235B3 /* Base */ = {isa = PBXFileReference; lastKnownFileType = file.storyboard; name = Base; path = Base.lproj/Main.storyboard; sourceTree = "<group>"; };
		EE9B126C2A4DAF49002235B3 /* Assets.xcassets */ = {isa = PBXFileReference; lastKnownFileType = folder.assetcatalog; path = Assets.xcassets; sourceTree = "<group>"; };
		EE9B126F2A4DAF49002235B3 /* Base */ = {isa = PBXFileReference; lastKnownFileType = file.storyboard; name = Base; path = Base.lproj/LaunchScreen.storyboard; sourceTree = "<group>"; };
		EE9B12712A4DAF49002235B3 /* Info.plist */ = {isa = PBXFileReference; lastKnownFileType = text.plist.xml; path = Info.plist; sourceTree = "<group>"; };
		EE9B12772A4DAF81002235B3 /* AuthorizationViewController.swift */ = {isa = PBXFileReference; fileEncoding = 4; lastKnownFileType = sourcecode.swift; path = AuthorizationViewController.swift; sourceTree = "<group>"; };
		EE9B12792A4DAFC6002235B3 /* GradientView.swift */ = {isa = PBXFileReference; fileEncoding = 4; lastKnownFileType = sourcecode.swift; path = GradientView.swift; sourceTree = "<group>"; };
		EE9B127B2A4DAFCC002235B3 /* AuthorizationView.swift */ = {isa = PBXFileReference; fileEncoding = 4; lastKnownFileType = sourcecode.swift; path = AuthorizationView.swift; sourceTree = "<group>"; };
		EE9B12802A4DB103002235B3 /* TabBarControllerBuilder.swift */ = {isa = PBXFileReference; fileEncoding = 4; lastKnownFileType = sourcecode.swift; path = TabBarControllerBuilder.swift; sourceTree = "<group>"; };
		EE9B12832A4DB10C002235B3 /* CityWeatherCollectionViewCell.swift */ = {isa = PBXFileReference; fileEncoding = 4; lastKnownFileType = sourcecode.swift; path = CityWeatherCollectionViewCell.swift; sourceTree = "<group>"; };
		EE9B12842A4DB10C002235B3 /* CityTableViewCell.swift */ = {isa = PBXFileReference; fileEncoding = 4; lastKnownFileType = sourcecode.swift; path = CityTableViewCell.swift; sourceTree = "<group>"; };
		EE9B12882A4DB114002235B3 /* City.swift */ = {isa = PBXFileReference; fileEncoding = 4; lastKnownFileType = sourcecode.swift; path = City.swift; sourceTree = "<group>"; };
		EE9B128A2A4DB114002235B3 /* Weather.swift */ = {isa = PBXFileReference; fileEncoding = 4; lastKnownFileType = sourcecode.swift; path = Weather.swift; sourceTree = "<group>"; };
		EE9B12922A4DB128002235B3 /* CitiesTableViewController.swift */ = {isa = PBXFileReference; fileEncoding = 4; lastKnownFileType = sourcecode.swift; path = CitiesTableViewController.swift; sourceTree = "<group>"; };
		EE9B12942A4DB12C002235B3 /* CityWeatherDetailCollectionViewController.swift */ = {isa = PBXFileReference; fileEncoding = 4; lastKnownFileType = sourcecode.swift; path = CityWeatherDetailCollectionViewController.swift; sourceTree = "<group>"; };
		EED03A6B2A6AF58F000A3196 /* HeaderWeatherCollectionReusableView.swift */ = {isa = PBXFileReference; lastKnownFileType = sourcecode.swift; path = HeaderWeatherCollectionReusableView.swift; sourceTree = "<group>"; };
/* End PBXFileReference section */

/* Begin PBXFrameworksBuildPhase section */
		EE9B125D2A4DAF47002235B3 /* Frameworks */ = {
			isa = PBXFrameworksBuildPhase;
			buildActionMask = 2147483647;
			files = (
				EE34F8202AE1A1C200732615 /* RealmSwift in Frameworks */,
				EE34F81E2AE1A1C200732615 /* Realm in Frameworks */,
			);
			runOnlyForDeploymentPostprocessing = 0;
		};
/* End PBXFrameworksBuildPhase section */

/* Begin PBXGroup section */
		EE4A5A7B2A9567D8002D12BD /* Service */ = {
			isa = PBXGroup;
			children = (
				EE4A5A7C2A956804002D12BD /* WeatherService.swift */,
			);
			path = Service;
			sourceTree = "<group>";
		};
		EE9B12572A4DAF47002235B3 = {
			isa = PBXGroup;
			children = (
				EE9B12622A4DAF47002235B3 /* OpenWeather */,
				EE9B12612A4DAF47002235B3 /* Products */,
			);
			sourceTree = "<group>";
		};
		EE9B12612A4DAF47002235B3 /* Products */ = {
			isa = PBXGroup;
			children = (
				EE9B12602A4DAF47002235B3 /* OpenWeather.app */,
			);
			name = Products;
			sourceTree = "<group>";
		};
		EE9B12622A4DAF47002235B3 /* OpenWeather */ = {
			isa = PBXGroup;
			children = (
				EE166D5A2AF137B6001D5A17 /* WeatherData.swift */,
				EE4A5A7B2A9567D8002D12BD /* Service */,
				EE9B12632A4DAF47002235B3 /* AppDelegate.swift */,
				EE9B12652A4DAF47002235B3 /* SceneDelegate.swift */,
				EE9B12772A4DAF81002235B3 /* AuthorizationViewController.swift */,
				EE9B12942A4DB12C002235B3 /* CityWeatherDetailCollectionViewController.swift */,
				EE9B12922A4DB128002235B3 /* CitiesTableViewController.swift */,
				EE9B12802A4DB103002235B3 /* TabBarControllerBuilder.swift */,
				EE9B12872A4DB114002235B3 /* Models */,
				EE9B12822A4DB10C002235B3 /* Cells */,
				EE9B127F2A4DB00B002235B3 /* Views */,
				EE9B126C2A4DAF49002235B3 /* Assets.xcassets */,
				EE9B12692A4DAF47002235B3 /* Main.storyboard */,
				EE9B126E2A4DAF49002235B3 /* LaunchScreen.storyboard */,
				EE9B12712A4DAF49002235B3 /* Info.plist */,
			);
			path = OpenWeather;
			sourceTree = "<group>";
		};
		EE9B127F2A4DB00B002235B3 /* Views */ = {
			isa = PBXGroup;
			children = (
				EE9B12792A4DAFC6002235B3 /* GradientView.swift */,
				EE9B127B2A4DAFCC002235B3 /* AuthorizationView.swift */,
			);
			path = Views;
			sourceTree = "<group>";
		};
		EE9B12822A4DB10C002235B3 /* Cells */ = {
			isa = PBXGroup;
			children = (
				EE166D562AEFD127001D5A17 /* WeatherForecastForSeveralDaysCollectionViewCell.swift */,
				EE166D522AE8317F001D5A17 /* WeatherForecastForDayCollectionViewCell.swift */,
				EE166D542AEAD8A0001D5A17 /* HourlyWeatherForecastCollectionViewCell.swift */,
				EE166D4E2AE82734001D5A17 /* WeatherForecastForOneHourCollectionViewCell.swift */,
				EE166D582AEFD40A001D5A17 /* HeaderCollectionViewCell.swift */,
				EE7DEBE82ADE7BDD004E2AB0 /* MainInformationAboutCityWeatherCollectionCell.swift */,
				EE9B12832A4DB10C002235B3 /* CityWeatherCollectionViewCell.swift */,
				EED03A6B2A6AF58F000A3196 /* HeaderWeatherCollectionReusableView.swift */,
				EE9B12842A4DB10C002235B3 /* CityTableViewCell.swift */,
			);
			path = Cells;
			sourceTree = "<group>";
		};
		EE9B12872A4DB114002235B3 /* Models */ = {
			isa = PBXGroup;
			children = (
				EE9B12882A4DB114002235B3 /* City.swift */,
				EE9B128A2A4DB114002235B3 /* Weather.swift */,
				EE0A41BA2AF3A8170070627A /* WeatherType.swift */,
			);
			path = Models;
			sourceTree = "<group>";
		};
/* End PBXGroup section */

/* Begin PBXNativeTarget section */
		EE9B125F2A4DAF47002235B3 /* OpenWeather */ = {
			isa = PBXNativeTarget;
			buildConfigurationList = EE9B12742A4DAF49002235B3 /* Build configuration list for PBXNativeTarget "OpenWeather" */;
			buildPhases = (
				EE9B125C2A4DAF47002235B3 /* Sources */,
				EE9B125D2A4DAF47002235B3 /* Frameworks */,
				EE9B125E2A4DAF47002235B3 /* Resources */,
			);
			buildRules = (
			);
			dependencies = (
			);
			name = OpenWeather;
			packageProductDependencies = (
				EE34F81D2AE1A1C200732615 /* Realm */,
				EE34F81F2AE1A1C200732615 /* RealmSwift */,
			);
			productName = OpenWeather;
			productReference = EE9B12602A4DAF47002235B3 /* OpenWeather.app */;
			productType = "com.apple.product-type.application";
		};
/* End PBXNativeTarget section */

/* Begin PBXProject section */
		EE9B12582A4DAF47002235B3 /* Project object */ = {
			isa = PBXProject;
			attributes = {
				BuildIndependentTargetsInParallel = 1;
				LastSwiftUpdateCheck = 1430;
				LastUpgradeCheck = 1430;
				TargetAttributes = {
					EE9B125F2A4DAF47002235B3 = {
						CreatedOnToolsVersion = 14.3.1;
					};
				};
			};
			buildConfigurationList = EE9B125B2A4DAF47002235B3 /* Build configuration list for PBXProject "OpenWeather" */;
			compatibilityVersion = "Xcode 14.0";
			developmentRegion = en;
			hasScannedForEncodings = 0;
			knownRegions = (
				en,
				Base,
			);
			mainGroup = EE9B12572A4DAF47002235B3;
			packageReferences = (
				EE34F81C2AE1A1C200732615 /* XCRemoteSwiftPackageReference "realm-swift" */,
			);
			productRefGroup = EE9B12612A4DAF47002235B3 /* Products */;
			projectDirPath = "";
			projectRoot = "";
			targets = (
				EE9B125F2A4DAF47002235B3 /* OpenWeather */,
			);
		};
/* End PBXProject section */

/* Begin PBXResourcesBuildPhase section */
		EE9B125E2A4DAF47002235B3 /* Resources */ = {
			isa = PBXResourcesBuildPhase;
			buildActionMask = 2147483647;
			files = (
				EE9B12702A4DAF49002235B3 /* LaunchScreen.storyboard in Resources */,
				EE9B126D2A4DAF49002235B3 /* Assets.xcassets in Resources */,
				EE9B126B2A4DAF47002235B3 /* Main.storyboard in Resources */,
			);
			runOnlyForDeploymentPostprocessing = 0;
		};
/* End PBXResourcesBuildPhase section */

/* Begin PBXSourcesBuildPhase section */
		EE9B125C2A4DAF47002235B3 /* Sources */ = {
			isa = PBXSourcesBuildPhase;
			buildActionMask = 2147483647;
			files = (
				EE9B12782A4DAF81002235B3 /* AuthorizationViewController.swift in Sources */,
				EE9B12852A4DB10C002235B3 /* CityWeatherCollectionViewCell.swift in Sources */,
				EE9B12932A4DB128002235B3 /* CitiesTableViewController.swift in Sources */,
				EE166D572AEFD127001D5A17 /* WeatherForecastForSeveralDaysCollectionViewCell.swift in Sources */,
				EE9B128D2A4DB114002235B3 /* Weather.swift in Sources */,
				EE9B12952A4DB12C002235B3 /* CityWeatherDetailCollectionViewController.swift in Sources */,
				EE0A41BB2AF3A8170070627A /* WeatherType.swift in Sources */,
				EE166D592AEFD40A001D5A17 /* HeaderCollectionViewCell.swift in Sources */,
				EE9B128B2A4DB114002235B3 /* City.swift in Sources */,
				EE166D4F2AE82734001D5A17 /* WeatherForecastForOneHourCollectionViewCell.swift in Sources */,
				EE7DEBE92ADE7BDD004E2AB0 /* MainInformationAboutCityWeatherCollectionCell.swift in Sources */,
				EE166D552AEAD8A0001D5A17 /* HourlyWeatherForecastCollectionViewCell.swift in Sources */,
				EE9B12642A4DAF47002235B3 /* AppDelegate.swift in Sources */,
				EED03A6C2A6AF58F000A3196 /* HeaderWeatherCollectionReusableView.swift in Sources */,
				EE9B127A2A4DAFC6002235B3 /* GradientView.swift in Sources */,
				EE9B127C2A4DAFCC002235B3 /* AuthorizationView.swift in Sources */,
				EE9B12662A4DAF47002235B3 /* SceneDelegate.swift in Sources */,
				EE166D5B2AF137B6001D5A17 /* WeatherData.swift in Sources */,
				EE166D532AE8317F001D5A17 /* WeatherForecastForDayCollectionViewCell.swift in Sources */,
				EE9B12862A4DB10C002235B3 /* CityTableViewCell.swift in Sources */,
				EE4A5A7D2A956804002D12BD /* WeatherService.swift in Sources */,
				EE9B12812A4DB103002235B3 /* TabBarControllerBuilder.swift in Sources */,
			);
			runOnlyForDeploymentPostprocessing = 0;
		};
/* End PBXSourcesBuildPhase section */

/* Begin PBXVariantGroup section */
		EE9B12692A4DAF47002235B3 /* Main.storyboard */ = {
			isa = PBXVariantGroup;
			children = (
				EE9B126A2A4DAF47002235B3 /* Base */,
			);
			name = Main.storyboard;
			sourceTree = "<group>";
		};
		EE9B126E2A4DAF49002235B3 /* LaunchScreen.storyboard */ = {
			isa = PBXVariantGroup;
			children = (
				EE9B126F2A4DAF49002235B3 /* Base */,
			);
			name = LaunchScreen.storyboard;
			sourceTree = "<group>";
		};
/* End PBXVariantGroup section */

/* Begin XCBuildConfiguration section */
		EE9B12722A4DAF49002235B3 /* Debug */ = {
			isa = XCBuildConfiguration;
			buildSettings = {
				ALWAYS_SEARCH_USER_PATHS = NO;
				CLANG_ANALYZER_NONNULL = YES;
				CLANG_ANALYZER_NUMBER_OBJECT_CONVERSION = YES_AGGRESSIVE;
				CLANG_CXX_LANGUAGE_STANDARD = "gnu++20";
				CLANG_ENABLE_MODULES = YES;
				CLANG_ENABLE_OBJC_ARC = YES;
				CLANG_ENABLE_OBJC_WEAK = YES;
				CLANG_WARN_BLOCK_CAPTURE_AUTORELEASING = YES;
				CLANG_WARN_BOOL_CONVERSION = YES;
				CLANG_WARN_COMMA = YES;
				CLANG_WARN_CONSTANT_CONVERSION = YES;
				CLANG_WARN_DEPRECATED_OBJC_IMPLEMENTATIONS = YES;
				CLANG_WARN_DIRECT_OBJC_ISA_USAGE = YES_ERROR;
				CLANG_WARN_DOCUMENTATION_COMMENTS = YES;
				CLANG_WARN_EMPTY_BODY = YES;
				CLANG_WARN_ENUM_CONVERSION = YES;
				CLANG_WARN_INFINITE_RECURSION = YES;
				CLANG_WARN_INT_CONVERSION = YES;
				CLANG_WARN_NON_LITERAL_NULL_CONVERSION = YES;
				CLANG_WARN_OBJC_IMPLICIT_RETAIN_SELF = YES;
				CLANG_WARN_OBJC_LITERAL_CONVERSION = YES;
				CLANG_WARN_OBJC_ROOT_CLASS = YES_ERROR;
				CLANG_WARN_QUOTED_INCLUDE_IN_FRAMEWORK_HEADER = YES;
				CLANG_WARN_RANGE_LOOP_ANALYSIS = YES;
				CLANG_WARN_STRICT_PROTOTYPES = YES;
				CLANG_WARN_SUSPICIOUS_MOVE = YES;
				CLANG_WARN_UNGUARDED_AVAILABILITY = YES_AGGRESSIVE;
				CLANG_WARN_UNREACHABLE_CODE = YES;
				CLANG_WARN__DUPLICATE_METHOD_MATCH = YES;
				COPY_PHASE_STRIP = NO;
				DEBUG_INFORMATION_FORMAT = dwarf;
				ENABLE_STRICT_OBJC_MSGSEND = YES;
				ENABLE_TESTABILITY = YES;
				GCC_C_LANGUAGE_STANDARD = gnu11;
				GCC_DYNAMIC_NO_PIC = NO;
				GCC_NO_COMMON_BLOCKS = YES;
				GCC_OPTIMIZATION_LEVEL = 0;
				GCC_PREPROCESSOR_DEFINITIONS = (
					"DEBUG=1",
					"$(inherited)",
				);
				GCC_WARN_64_TO_32_BIT_CONVERSION = YES;
				GCC_WARN_ABOUT_RETURN_TYPE = YES_ERROR;
				GCC_WARN_UNDECLARED_SELECTOR = YES;
				GCC_WARN_UNINITIALIZED_AUTOS = YES_AGGRESSIVE;
				GCC_WARN_UNUSED_FUNCTION = YES;
				GCC_WARN_UNUSED_VARIABLE = YES;
				IPHONEOS_DEPLOYMENT_TARGET = 16.4;
				MTL_ENABLE_DEBUG_INFO = INCLUDE_SOURCE;
				MTL_FAST_MATH = YES;
				ONLY_ACTIVE_ARCH = YES;
				SDKROOT = iphoneos;
				SWIFT_ACTIVE_COMPILATION_CONDITIONS = DEBUG;
				SWIFT_OPTIMIZATION_LEVEL = "-Onone";
			};
			name = Debug;
		};
		EE9B12732A4DAF49002235B3 /* Release */ = {
			isa = XCBuildConfiguration;
			buildSettings = {
				ALWAYS_SEARCH_USER_PATHS = NO;
				CLANG_ANALYZER_NONNULL = YES;
				CLANG_ANALYZER_NUMBER_OBJECT_CONVERSION = YES_AGGRESSIVE;
				CLANG_CXX_LANGUAGE_STANDARD = "gnu++20";
				CLANG_ENABLE_MODULES = YES;
				CLANG_ENABLE_OBJC_ARC = YES;
				CLANG_ENABLE_OBJC_WEAK = YES;
				CLANG_WARN_BLOCK_CAPTURE_AUTORELEASING = YES;
				CLANG_WARN_BOOL_CONVERSION = YES;
				CLANG_WARN_COMMA = YES;
				CLANG_WARN_CONSTANT_CONVERSION = YES;
				CLANG_WARN_DEPRECATED_OBJC_IMPLEMENTATIONS = YES;
				CLANG_WARN_DIRECT_OBJC_ISA_USAGE = YES_ERROR;
				CLANG_WARN_DOCUMENTATION_COMMENTS = YES;
				CLANG_WARN_EMPTY_BODY = YES;
				CLANG_WARN_ENUM_CONVERSION = YES;
				CLANG_WARN_INFINITE_RECURSION = YES;
				CLANG_WARN_INT_CONVERSION = YES;
				CLANG_WARN_NON_LITERAL_NULL_CONVERSION = YES;
				CLANG_WARN_OBJC_IMPLICIT_RETAIN_SELF = YES;
				CLANG_WARN_OBJC_LITERAL_CONVERSION = YES;
				CLANG_WARN_OBJC_ROOT_CLASS = YES_ERROR;
				CLANG_WARN_QUOTED_INCLUDE_IN_FRAMEWORK_HEADER = YES;
				CLANG_WARN_RANGE_LOOP_ANALYSIS = YES;
				CLANG_WARN_STRICT_PROTOTYPES = YES;
				CLANG_WARN_SUSPICIOUS_MOVE = YES;
				CLANG_WARN_UNGUARDED_AVAILABILITY = YES_AGGRESSIVE;
				CLANG_WARN_UNREACHABLE_CODE = YES;
				CLANG_WARN__DUPLICATE_METHOD_MATCH = YES;
				COPY_PHASE_STRIP = NO;
				DEBUG_INFORMATION_FORMAT = "dwarf-with-dsym";
				ENABLE_NS_ASSERTIONS = NO;
				ENABLE_STRICT_OBJC_MSGSEND = YES;
				GCC_C_LANGUAGE_STANDARD = gnu11;
				GCC_NO_COMMON_BLOCKS = YES;
				GCC_WARN_64_TO_32_BIT_CONVERSION = YES;
				GCC_WARN_ABOUT_RETURN_TYPE = YES_ERROR;
				GCC_WARN_UNDECLARED_SELECTOR = YES;
				GCC_WARN_UNINITIALIZED_AUTOS = YES_AGGRESSIVE;
				GCC_WARN_UNUSED_FUNCTION = YES;
				GCC_WARN_UNUSED_VARIABLE = YES;
				IPHONEOS_DEPLOYMENT_TARGET = 16.4;
				MTL_ENABLE_DEBUG_INFO = NO;
				MTL_FAST_MATH = YES;
				SDKROOT = iphoneos;
				SWIFT_COMPILATION_MODE = wholemodule;
				SWIFT_OPTIMIZATION_LEVEL = "-O";
				VALIDATE_PRODUCT = YES;
			};
			name = Release;
		};
		EE9B12752A4DAF49002235B3 /* Debug */ = {
			isa = XCBuildConfiguration;
			buildSettings = {
				ASSETCATALOG_COMPILER_APPICON_NAME = AppIcon;
				ASSETCATALOG_COMPILER_GLOBAL_ACCENT_COLOR_NAME = AccentColor;
				CODE_SIGN_STYLE = Automatic;
				CURRENT_PROJECT_VERSION = 1;
				DEVELOPMENT_TEAM = V6R4C94Z69;
				GENERATE_INFOPLIST_FILE = YES;
				INFOPLIST_FILE = OpenWeather/Info.plist;
				INFOPLIST_KEY_UIApplicationSupportsIndirectInputEvents = YES;
				INFOPLIST_KEY_UILaunchStoryboardName = LaunchScreen;
				INFOPLIST_KEY_UIMainStoryboardFile = Main;
				INFOPLIST_KEY_UISupportedInterfaceOrientations_iPad = "UIInterfaceOrientationPortrait UIInterfaceOrientationPortraitUpsideDown UIInterfaceOrientationLandscapeLeft UIInterfaceOrientationLandscapeRight";
				INFOPLIST_KEY_UISupportedInterfaceOrientations_iPhone = "UIInterfaceOrientationPortrait UIInterfaceOrientationLandscapeLeft UIInterfaceOrientationLandscapeRight";
				LD_RUNPATH_SEARCH_PATHS = (
					"$(inherited)",
					"@executable_path/Frameworks",
				);
				MARKETING_VERSION = 1.0;
				PRODUCT_BUNDLE_IDENTIFIER = grigorchuknastasya.OpenWeather;
				PRODUCT_NAME = "$(TARGET_NAME)";
				SWIFT_EMIT_LOC_STRINGS = YES;
				SWIFT_VERSION = 5.0;
				TARGETED_DEVICE_FAMILY = "1,2";
			};
			name = Debug;
		};
		EE9B12762A4DAF49002235B3 /* Release */ = {
			isa = XCBuildConfiguration;
			buildSettings = {
				ASSETCATALOG_COMPILER_APPICON_NAME = AppIcon;
				ASSETCATALOG_COMPILER_GLOBAL_ACCENT_COLOR_NAME = AccentColor;
				CODE_SIGN_STYLE = Automatic;
				CURRENT_PROJECT_VERSION = 1;
				DEVELOPMENT_TEAM = V6R4C94Z69;
				GENERATE_INFOPLIST_FILE = YES;
				INFOPLIST_FILE = OpenWeather/Info.plist;
				INFOPLIST_KEY_UIApplicationSupportsIndirectInputEvents = YES;
				INFOPLIST_KEY_UILaunchStoryboardName = LaunchScreen;
				INFOPLIST_KEY_UIMainStoryboardFile = Main;
				INFOPLIST_KEY_UISupportedInterfaceOrientations_iPad = "UIInterfaceOrientationPortrait UIInterfaceOrientationPortraitUpsideDown UIInterfaceOrientationLandscapeLeft UIInterfaceOrientationLandscapeRight";
				INFOPLIST_KEY_UISupportedInterfaceOrientations_iPhone = "UIInterfaceOrientationPortrait UIInterfaceOrientationLandscapeLeft UIInterfaceOrientationLandscapeRight";
				LD_RUNPATH_SEARCH_PATHS = (
					"$(inherited)",
					"@executable_path/Frameworks",
				);
				MARKETING_VERSION = 1.0;
				PRODUCT_BUNDLE_IDENTIFIER = grigorchuknastasya.OpenWeather;
				PRODUCT_NAME = "$(TARGET_NAME)";
				SWIFT_EMIT_LOC_STRINGS = YES;
				SWIFT_VERSION = 5.0;
				TARGETED_DEVICE_FAMILY = "1,2";
			};
			name = Release;
		};
/* End XCBuildConfiguration section */

/* Begin XCConfigurationList section */
		EE9B125B2A4DAF47002235B3 /* Build configuration list for PBXProject "OpenWeather" */ = {
			isa = XCConfigurationList;
			buildConfigurations = (
				EE9B12722A4DAF49002235B3 /* Debug */,
				EE9B12732A4DAF49002235B3 /* Release */,
			);
			defaultConfigurationIsVisible = 0;
			defaultConfigurationName = Release;
		};
		EE9B12742A4DAF49002235B3 /* Build configuration list for PBXNativeTarget "OpenWeather" */ = {
			isa = XCConfigurationList;
			buildConfigurations = (
				EE9B12752A4DAF49002235B3 /* Debug */,
				EE9B12762A4DAF49002235B3 /* Release */,
			);
			defaultConfigurationIsVisible = 0;
			defaultConfigurationName = Release;
		};
/* End XCConfigurationList section */

/* Begin XCRemoteSwiftPackageReference section */
		EE34F81C2AE1A1C200732615 /* XCRemoteSwiftPackageReference "realm-swift" */ = {
			isa = XCRemoteSwiftPackageReference;
			repositoryURL = "https://github.com/realm/realm-swift.git";
			requirement = {
				branch = master;
				kind = branch;
			};
		};
/* End XCRemoteSwiftPackageReference section */

/* Begin XCSwiftPackageProductDependency section */
		EE34F81D2AE1A1C200732615 /* Realm */ = {
			isa = XCSwiftPackageProductDependency;
			package = EE34F81C2AE1A1C200732615 /* XCRemoteSwiftPackageReference "realm-swift" */;
			productName = Realm;
		};
		EE34F81F2AE1A1C200732615 /* RealmSwift */ = {
			isa = XCSwiftPackageProductDependency;
			package = EE34F81C2AE1A1C200732615 /* XCRemoteSwiftPackageReference "realm-swift" */;
			productName = RealmSwift;
		};
/* End XCSwiftPackageProductDependency section */
	};
	rootObject = EE9B12582A4DAF47002235B3 /* Project object */;
}
